{
  "name": "@ionic-native/zebra-printer",
  "version": "4.7.0",
  "lockfileVersion": 3,
  "requires": true,
  "packages": {
    "": {
      "name": "@ionic-native/zebra-printer",
      "version": "4.7.0",
      "license": "MIT",
      "peerDependencies": {
        "@angular/core": "*",
        "@ionic-native/core": "^4.2.0",
        "rxjs": "^5.0.1"
      }
    }
  }
}
